// !$*UTF8*$!
{
	archiveVersion = 1;
	classes = {
	};
	objectVersion = 56;
	objects = {

/* Begin PBXBuildFile section */
		A081B7A62BD7A26800A11C9F /* MicroProjectAppleApp.swift in Sources */ = {isa = PBXBuildFile; fileRef = A081B7A52BD7A26800A11C9F /* MicroProjectAppleApp.swift */; };
		A081B7AA2BD7A26800A11C9F /* Assets.xcassets in Resources */ = {isa = PBXBuildFile; fileRef = A081B7A92BD7A26800A11C9F /* Assets.xcassets */; };
		A081B7AD2BD7A26800A11C9F /* Preview Assets.xcassets in Resources */ = {isa = PBXBuildFile; fileRef = A081B7AC2BD7A26800A11C9F /* Preview Assets.xcassets */; };
		A081B7F82BD7B87200A11C9F /* SelectUser.swift in Sources */ = {isa = PBXBuildFile; fileRef = A081B7EC2BD7B87100A11C9F /* SelectUser.swift */; };
		A081B7F92BD7B87200A11C9F /* Splash.swift in Sources */ = {isa = PBXBuildFile; fileRef = A081B7ED2BD7B87200A11C9F /* Splash.swift */; };
		A081B7FA2BD7B87200A11C9F /* ReviwerInbox.swift in Sources */ = {isa = PBXBuildFile; fileRef = A081B7EE2BD7B87200A11C9F /* ReviwerInbox.swift */; };
		A081B7FB2BD7B87200A11C9F /* ReviwerSettings.swift in Sources */ = {isa = PBXBuildFile; fileRef = A081B7EF2BD7B87200A11C9F /* ReviwerSettings.swift */; };
		A081B7FC2BD7B87200A11C9F /* SignIn.swift in Sources */ = {isa = PBXBuildFile; fileRef = A081B7F02BD7B87200A11C9F /* SignIn.swift */; };
		A081B7FD2BD7B87200A11C9F /* OwnerProfile.swift in Sources */ = {isa = PBXBuildFile; fileRef = A081B7F12BD7B87200A11C9F /* OwnerProfile.swift */; };
		A081B7FE2BD7B87200A11C9F /* SignUpReviwer.swift in Sources */ = {isa = PBXBuildFile; fileRef = A081B7F22BD7B87200A11C9F /* SignUpReviwer.swift */; };
		A081B7FF2BD7B87200A11C9F /* ReviwerProfile.swift in Sources */ = {isa = PBXBuildFile; fileRef = A081B7F32BD7B87200A11C9F /* ReviwerProfile.swift */; };
		A081B8002BD7B87200A11C9F /* SignUpOwner.swift in Sources */ = {isa = PBXBuildFile; fileRef = A081B7F42BD7B87200A11C9F /* SignUpOwner.swift */; };
		A081B8012BD7B87200A11C9F /* OwnerInbox.swift in Sources */ = {isa = PBXBuildFile; fileRef = A081B7F52BD7B87200A11C9F /* OwnerInbox.swift */; };
		A081B8022BD7B87200A11C9F /* OwnerAnnouncement.swift in Sources */ = {isa = PBXBuildFile; fileRef = A081B7F62BD7B87200A11C9F /* OwnerAnnouncement.swift */; };
		A081B8032BD7B87200A11C9F /* ReviwerAnnouncement.swift in Sources */ = {isa = PBXBuildFile; fileRef = A081B7F72BD7B87200A11C9F /* ReviwerAnnouncement.swift */; };
		A081B80D2BDA37BF00A11C9F /* Model.swift in Sources */ = {isa = PBXBuildFile; fileRef = A081B80C2BDA37BF00A11C9F /* Model.swift */; };
/* End PBXBuildFile section */

/* Begin PBXFileReference section */
		A081B7A22BD7A26800A11C9F /* MicroProjectApple.app */ = {isa = PBXFileReference; explicitFileType = wrapper.application; includeInIndex = 0; path = MicroProjectApple.app; sourceTree = BUILT_PRODUCTS_DIR; };
		A081B7A52BD7A26800A11C9F /* MicroProjectAppleApp.swift */ = {isa = PBXFileReference; lastKnownFileType = sourcecode.swift; path = MicroProjectAppleApp.swift; sourceTree = "<group>"; };
		A081B7A92BD7A26800A11C9F /* Assets.xcassets */ = {isa = PBXFileReference; lastKnownFileType = folder.assetcatalog; path = Assets.xcassets; sourceTree = "<group>"; };
		A081B7AC2BD7A26800A11C9F /* Preview Assets.xcassets */ = {isa = PBXFileReference; lastKnownFileType = folder.assetcatalog; path = "Preview Assets.xcassets"; sourceTree = "<group>"; };
		A081B7EC2BD7B87100A11C9F /* SelectUser.swift */ = {isa = PBXFileReference; fileEncoding = 4; lastKnownFileType = sourcecode.swift; name = SelectUser.swift; path = "../../../Downloads/MicroProjectApple-main/MicroProjectApple/SelectUser.swift"; sourceTree = "<group>"; };
		A081B7ED2BD7B87200A11C9F /* Splash.swift */ = {isa = PBXFileReference; fileEncoding = 4; lastKnownFileType = sourcecode.swift; name = Splash.swift; path = "../../../Downloads/MicroProjectApple-main/MicroProjectApple/Splash.swift"; sourceTree = "<group>"; };
		A081B7EE2BD7B87200A11C9F /* ReviwerInbox.swift */ = {isa = PBXFileReference; fileEncoding = 4; lastKnownFileType = sourcecode.swift; name = ReviwerInbox.swift; path = "../../../Downloads/MicroProjectApple-main/MicroProjectApple/ReviwerInbox.swift"; sourceTree = "<group>"; };
		A081B7EF2BD7B87200A11C9F /* ReviwerSettings.swift */ = {isa = PBXFileReference; fileEncoding = 4; lastKnownFileType = sourcecode.swift; name = ReviwerSettings.swift; path = "../../../Downloads/MicroProjectApple-main/MicroProjectApple/ReviwerSettings.swift"; sourceTree = "<group>"; };
		A081B7F02BD7B87200A11C9F /* SignIn.swift */ = {isa = PBXFileReference; fileEncoding = 4; lastKnownFileType = sourcecode.swift; name = SignIn.swift; path = "../../../Downloads/MicroProjectApple-main/MicroProjectApple/SignIn.swift"; sourceTree = "<group>"; };
		A081B7F12BD7B87200A11C9F /* OwnerProfile.swift */ = {isa = PBXFileReference; fileEncoding = 4; lastKnownFileType = sourcecode.swift; name = OwnerProfile.swift; path = "../../../Downloads/MicroProjectApple-main/MicroProjectApple/OwnerProfile.swift"; sourceTree = "<group>"; };
		A081B7F22BD7B87200A11C9F /* SignUpReviwer.swift */ = {isa = PBXFileReference; fileEncoding = 4; lastKnownFileType = sourcecode.swift; name = SignUpReviwer.swift; path = "../../../Downloads/MicroProjectApple-main/MicroProjectApple/SignUpReviwer.swift"; sourceTree = "<group>"; };
		A081B7F32BD7B87200A11C9F /* ReviwerProfile.swift */ = {isa = PBXFileReference; fileEncoding = 4; lastKnownFileType = sourcecode.swift; name = ReviwerProfile.swift; path = "../../../Downloads/MicroProjectApple-main/MicroProjectApple/ReviwerProfile.swift"; sourceTree = "<group>"; };
		A081B7F42BD7B87200A11C9F /* SignUpOwner.swift */ = {isa = PBXFileReference; fileEncoding = 4; lastKnownFileType = sourcecode.swift; name = SignUpOwner.swift; path = "../../../Downloads/MicroProjectApple-main/MicroProjectApple/SignUpOwner.swift"; sourceTree = "<group>"; };
		A081B7F52BD7B87200A11C9F /* OwnerInbox.swift */ = {isa = PBXFileReference; fileEncoding = 4; lastKnownFileType = sourcecode.swift; name = OwnerInbox.swift; path = "../../../Downloads/MicroProjectApple-main/MicroProjectApple/OwnerInbox.swift"; sourceTree = "<group>"; };
		A081B7F62BD7B87200A11C9F /* OwnerAnnouncement.swift */ = {isa = PBXFileReference; fileEncoding = 4; lastKnownFileType = sourcecode.swift; name = OwnerAnnouncement.swift; path = "../../../Downloads/MicroProjectApple-main/MicroProjectApple/OwnerAnnouncement.swift"; sourceTree = "<group>"; };
		A081B7F72BD7B87200A11C9F /* ReviwerAnnouncement.swift */ = {isa = PBXFileReference; fileEncoding = 4; lastKnownFileType = sourcecode.swift; name = ReviwerAnnouncement.swift; path = "../../../Downloads/MicroProjectApple-main/MicroProjectApple/ReviwerAnnouncement.swift"; sourceTree = "<group>"; };
		A081B8042BD8E3E200A11C9F /* MicroProjectApple.entitlements */ = {isa = PBXFileReference; lastKnownFileType = text.plist.entitlements; path = MicroProjectApple.entitlements; sourceTree = "<group>"; };
		A081B80C2BDA37BF00A11C9F /* Model.swift */ = {isa = PBXFileReference; lastKnownFileType = sourcecode.swift; path = Model.swift; sourceTree = "<group>"; };
/* End PBXFileReference section */

/* Begin PBXFrameworksBuildPhase section */
		A081B79F2BD7A26800A11C9F /* Frameworks */ = {
			isa = PBXFrameworksBuildPhase;
			buildActionMask = 2147483647;
			files = (
			);
			runOnlyForDeploymentPostprocessing = 0;
		};
/* End PBXFrameworksBuildPhase section */

/* Begin PBXGroup section */
		A081B7992BD7A26800A11C9F = {
			isa = PBXGroup;
			children = (
				A081B7A42BD7A26800A11C9F /* MicroProjectApple */,
				A081B7A32BD7A26800A11C9F /* Products */,
			);
			sourceTree = "<group>";
		};
		A081B7A32BD7A26800A11C9F /* Products */ = {
			isa = PBXGroup;
			children = (
				A081B7A22BD7A26800A11C9F /* MicroProjectApple.app */,
			);
			name = Products;
			sourceTree = "<group>";
		};
		A081B7A42BD7A26800A11C9F /* MicroProjectApple */ = {
			isa = PBXGroup;
			children = (
				A081B8052BD8E42800A11C9F /* Models */,
				A081B8042BD8E3E200A11C9F /* MicroProjectApple.entitlements */,
				A081B7A52BD7A26800A11C9F /* MicroProjectAppleApp.swift */,
				A081B7F62BD7B87200A11C9F /* OwnerAnnouncement.swift */,
				A081B7F52BD7B87200A11C9F /* OwnerInbox.swift */,
				A081B7F12BD7B87200A11C9F /* OwnerProfile.swift */,
				A081B7F72BD7B87200A11C9F /* ReviwerAnnouncement.swift */,
				A081B7EE2BD7B87200A11C9F /* ReviwerInbox.swift */,
				A081B7F32BD7B87200A11C9F /* ReviwerProfile.swift */,
				A081B7EF2BD7B87200A11C9F /* ReviwerSettings.swift */,
				A081B7EC2BD7B87100A11C9F /* SelectUser.swift */,
				A081B7F02BD7B87200A11C9F /* SignIn.swift */,
				A081B7F42BD7B87200A11C9F /* SignUpOwner.swift */,
				A081B7F22BD7B87200A11C9F /* SignUpReviwer.swift */,
				A081B7ED2BD7B87200A11C9F /* Splash.swift */,
				A081B7A92BD7A26800A11C9F /* Assets.xcassets */,
				A081B7AB2BD7A26800A11C9F /* Preview Content */,
			);
			path = MicroProjectApple;
			sourceTree = "<group>";
		};
		A081B7AB2BD7A26800A11C9F /* Preview Content */ = {
			isa = PBXGroup;
			children = (
				A081B7AC2BD7A26800A11C9F /* Preview Assets.xcassets */,
			);
			path = "Preview Content";
			sourceTree = "<group>";
		};
		A081B8052BD8E42800A11C9F /* Models */ = {
			isa = PBXGroup;
			children = (
				A081B80C2BDA37BF00A11C9F /* Model.swift */,
			);
			path = Models;
			sourceTree = "<group>";
		};
/* End PBXGroup section */

/* Begin PBXNativeTarget section */
		A081B7A12BD7A26800A11C9F /* MicroProjectApple */ = {
			isa = PBXNativeTarget;
			buildConfigurationList = A081B7B02BD7A26800A11C9F /* Build configuration list for PBXNativeTarget "MicroProjectApple" */;
			buildPhases = (
				A081B79E2BD7A26800A11C9F /* Sources */,
				A081B79F2BD7A26800A11C9F /* Frameworks */,
				A081B7A02BD7A26800A11C9F /* Resources */,
			);
			buildRules = (
			);
			dependencies = (
			);
			name = MicroProjectApple;
			productName = MicroProjectApple;
			productReference = A081B7A22BD7A26800A11C9F /* MicroProjectApple.app */;
			productType = "com.apple.product-type.application";
		};
/* End PBXNativeTarget section */

/* Begin PBXProject section */
		A081B79A2BD7A26800A11C9F /* Project object */ = {
			isa = PBXProject;
			attributes = {
				BuildIndependentTargetsInParallel = 1;
				LastSwiftUpdateCheck = 1500;
				LastUpgradeCheck = 1500;
				TargetAttributes = {
					A081B7A12BD7A26800A11C9F = {
						CreatedOnToolsVersion = 15.0;
					};
				};
			};
			buildConfigurationList = A081B79D2BD7A26800A11C9F /* Build configuration list for PBXProject "MicroProjectApple" */;
			compatibilityVersion = "Xcode 14.0";
			developmentRegion = en;
			hasScannedForEncodings = 0;
			knownRegions = (
				en,
				Base,
			);
			mainGroup = A081B7992BD7A26800A11C9F;
			productRefGroup = A081B7A32BD7A26800A11C9F /* Products */;
			projectDirPath = "";
			projectRoot = "";
			targets = (
				A081B7A12BD7A26800A11C9F /* MicroProjectApple */,
			);
		};
/* End PBXProject section */

/* Begin PBXResourcesBuildPhase section */
		A081B7A02BD7A26800A11C9F /* Resources */ = {
			isa = PBXResourcesBuildPhase;
			buildActionMask = 2147483647;
			files = (
				A081B7AD2BD7A26800A11C9F /* Preview Assets.xcassets in Resources */,
				A081B7AA2BD7A26800A11C9F /* Assets.xcassets in Resources */,
			);
			runOnlyForDeploymentPostprocessing = 0;
		};
/* End PBXResourcesBuildPhase section */

/* Begin PBXSourcesBuildPhase section */
		A081B79E2BD7A26800A11C9F /* Sources */ = {
			isa = PBXSourcesBuildPhase;
			buildActionMask = 2147483647;
			files = (
				A081B7FD2BD7B87200A11C9F /* OwnerProfile.swift in Sources */,
				A081B7FE2BD7B87200A11C9F /* SignUpReviwer.swift in Sources */,
				A081B8022BD7B87200A11C9F /* OwnerAnnouncement.swift in Sources */,
				A081B7A62BD7A26800A11C9F /* MicroProjectAppleApp.swift in Sources */,
				A081B7FF2BD7B87200A11C9F /* ReviwerProfile.swift in Sources */,
				A081B7FA2BD7B87200A11C9F /* ReviwerInbox.swift in Sources */,
				A081B8012BD7B87200A11C9F /* OwnerInbox.swift in Sources */,
				A081B80D2BDA37BF00A11C9F /* Model.swift in Sources */,
				A081B7F92BD7B87200A11C9F /* Splash.swift in Sources */,
				A081B8032BD7B87200A11C9F /* ReviwerAnnouncement.swift in Sources */,
				A081B7FC2BD7B87200A11C9F /* SignIn.swift in Sources */,
				A081B8002BD7B87200A11C9F /* SignUpOwner.swift in Sources */,
				A081B7F82BD7B87200A11C9F /* SelectUser.swift in Sources */,
				A081B7FB2BD7B87200A11C9F /* ReviwerSettings.swift in Sources */,
			);
			runOnlyForDeploymentPostprocessing = 0;
		};
/* End PBXSourcesBuildPhase section */

/* Begin XCBuildConfiguration section */
		A081B7AE2BD7A26800A11C9F /* Debug */ = {
			isa = XCBuildConfiguration;
			buildSettings = {
				ALWAYS_SEARCH_USER_PATHS = NO;
				ASSETCATALOG_COMPILER_GENERATE_SWIFT_ASSET_SYMBOL_EXTENSIONS = YES;
				CLANG_ANALYZER_NONNULL = YES;
				CLANG_ANALYZER_NUMBER_OBJECT_CONVERSION = YES_AGGRESSIVE;
				CLANG_CXX_LANGUAGE_STANDARD = "gnu++20";
				CLANG_ENABLE_MODULES = YES;
				CLANG_ENABLE_OBJC_ARC = YES;
				CLANG_ENABLE_OBJC_WEAK = YES;
				CLANG_WARN_BLOCK_CAPTURE_AUTORELEASING = YES;
				CLANG_WARN_BOOL_CONVERSION = YES;
				CLANG_WARN_COMMA = YES;
				CLANG_WARN_CONSTANT_CONVERSION = YES;
				CLANG_WARN_DEPRECATED_OBJC_IMPLEMENTATIONS = YES;
				CLANG_WARN_DIRECT_OBJC_ISA_USAGE = YES_ERROR;
				CLANG_WARN_DOCUMENTATION_COMMENTS = YES;
				CLANG_WARN_EMPTY_BODY = YES;
				CLANG_WARN_ENUM_CONVERSION = YES;
				CLANG_WARN_INFINITE_RECURSION = YES;
				CLANG_WARN_INT_CONVERSION = YES;
				CLANG_WARN_NON_LITERAL_NULL_CONVERSION = YES;
				CLANG_WARN_OBJC_IMPLICIT_RETAIN_SELF = YES;
				CLANG_WARN_OBJC_LITERAL_CONVERSION = YES;
				CLANG_WARN_OBJC_ROOT_CLASS = YES_ERROR;
				CLANG_WARN_QUOTED_INCLUDE_IN_FRAMEWORK_HEADER = YES;
				CLANG_WARN_RANGE_LOOP_ANALYSIS = YES;
				CLANG_WARN_STRICT_PROTOTYPES = YES;
				CLANG_WARN_SUSPICIOUS_MOVE = YES;
				CLANG_WARN_UNGUARDED_AVAILABILITY = YES_AGGRESSIVE;
				CLANG_WARN_UNREACHABLE_CODE = YES;
				CLANG_WARN__DUPLICATE_METHOD_MATCH = YES;
				COPY_PHASE_STRIP = NO;
				DEBUG_INFORMATION_FORMAT = dwarf;
				ENABLE_STRICT_OBJC_MSGSEND = YES;
				ENABLE_TESTABILITY = YES;
				ENABLE_USER_SCRIPT_SANDBOXING = YES;
				GCC_C_LANGUAGE_STANDARD = gnu17;
				GCC_DYNAMIC_NO_PIC = NO;
				GCC_NO_COMMON_BLOCKS = YES;
				GCC_OPTIMIZATION_LEVEL = 0;
				GCC_PREPROCESSOR_DEFINITIONS = (
					"DEBUG=1",
					"$(inherited)",
				);
				GCC_WARN_64_TO_32_BIT_CONVERSION = YES;
				GCC_WARN_ABOUT_RETURN_TYPE = YES_ERROR;
				GCC_WARN_UNDECLARED_SELECTOR = YES;
				GCC_WARN_UNINITIALIZED_AUTOS = YES_AGGRESSIVE;
				GCC_WARN_UNUSED_FUNCTION = YES;
				GCC_WARN_UNUSED_VARIABLE = YES;
				IPHONEOS_DEPLOYMENT_TARGET = 17.0;
				LOCALIZATION_PREFERS_STRING_CATALOGS = YES;
				MTL_ENABLE_DEBUG_INFO = INCLUDE_SOURCE;
				MTL_FAST_MATH = YES;
				ONLY_ACTIVE_ARCH = YES;
				SDKROOT = iphoneos;
				SWIFT_ACTIVE_COMPILATION_CONDITIONS = "DEBUG $(inherited)";
				SWIFT_OPTIMIZATION_LEVEL = "-Onone";
			};
			name = Debug;
		};
		A081B7AF2BD7A26800A11C9F /* Release */ = {
			isa = XCBuildConfiguration;
			buildSettings = {
				ALWAYS_SEARCH_USER_PATHS = NO;
				ASSETCATALOG_COMPILER_GENERATE_SWIFT_ASSET_SYMBOL_EXTENSIONS = YES;
				CLANG_ANALYZER_NONNULL = YES;
				CLANG_ANALYZER_NUMBER_OBJECT_CONVERSION = YES_AGGRESSIVE;
				CLANG_CXX_LANGUAGE_STANDARD = "gnu++20";
				CLANG_ENABLE_MODULES = YES;
				CLANG_ENABLE_OBJC_ARC = YES;
				CLANG_ENABLE_OBJC_WEAK = YES;
				CLANG_WARN_BLOCK_CAPTURE_AUTORELEASING = YES;
				CLANG_WARN_BOOL_CONVERSION = YES;
				CLANG_WARN_COMMA = YES;
				CLANG_WARN_CONSTANT_CONVERSION = YES;
				CLANG_WARN_DEPRECATED_OBJC_IMPLEMENTATIONS = YES;
				CLANG_WARN_DIRECT_OBJC_ISA_USAGE = YES_ERROR;
				CLANG_WARN_DOCUMENTATION_COMMENTS = YES;
				CLANG_WARN_EMPTY_BODY = YES;
				CLANG_WARN_ENUM_CONVERSION = YES;
				CLANG_WARN_INFINITE_RECURSION = YES;
				CLANG_WARN_INT_CONVERSION = YES;
				CLANG_WARN_NON_LITERAL_NULL_CONVERSION = YES;
				CLANG_WARN_OBJC_IMPLICIT_RETAIN_SELF = YES;
				CLANG_WARN_OBJC_LITERAL_CONVERSION = YES;
				CLANG_WARN_OBJC_ROOT_CLASS = YES_ERROR;
				CLANG_WARN_QUOTED_INCLUDE_IN_FRAMEWORK_HEADER = YES;
				CLANG_WARN_RANGE_LOOP_ANALYSIS = YES;
				CLANG_WARN_STRICT_PROTOTYPES = YES;
				CLANG_WARN_SUSPICIOUS_MOVE = YES;
				CLANG_WARN_UNGUARDED_AVAILABILITY = YES_AGGRESSIVE;
				CLANG_WARN_UNREACHABLE_CODE = YES;
				CLANG_WARN__DUPLICATE_METHOD_MATCH = YES;
				COPY_PHASE_STRIP = NO;
				DEBUG_INFORMATION_FORMAT = "dwarf-with-dsym";
				ENABLE_NS_ASSERTIONS = NO;
				ENABLE_STRICT_OBJC_MSGSEND = YES;
				ENABLE_USER_SCRIPT_SANDBOXING = YES;
				GCC_C_LANGUAGE_STANDARD = gnu17;
				GCC_NO_COMMON_BLOCKS = YES;
				GCC_WARN_64_TO_32_BIT_CONVERSION = YES;
				GCC_WARN_ABOUT_RETURN_TYPE = YES_ERROR;
				GCC_WARN_UNDECLARED_SELECTOR = YES;
				GCC_WARN_UNINITIALIZED_AUTOS = YES_AGGRESSIVE;
				GCC_WARN_UNUSED_FUNCTION = YES;
				GCC_WARN_UNUSED_VARIABLE = YES;
				IPHONEOS_DEPLOYMENT_TARGET = 17.0;
				LOCALIZATION_PREFERS_STRING_CATALOGS = YES;
				MTL_ENABLE_DEBUG_INFO = NO;
				MTL_FAST_MATH = YES;
				SDKROOT = iphoneos;
				SWIFT_COMPILATION_MODE = wholemodule;
				VALIDATE_PRODUCT = YES;
			};
			name = Release;
		};
		A081B7B12BD7A26800A11C9F /* Debug */ = {
			isa = XCBuildConfiguration;
			buildSettings = {
				ASSETCATALOG_COMPILER_APPICON_NAME = AppIcon;
				ASSETCATALOG_COMPILER_GLOBAL_ACCENT_COLOR_NAME = AccentColor;
				CODE_SIGN_ENTITLEMENTS = MicroProjectApple/MicroProjectApple.entitlements;
				CODE_SIGN_STYLE = Automatic;
				CURRENT_PROJECT_VERSION = 1;
				DEVELOPMENT_ASSET_PATHS = "\"MicroProjectApple/Preview Content\"";
				DEVELOPMENT_TEAM = ZT62K5W2B9;
				ENABLE_PREVIEWS = YES;
				GENERATE_INFOPLIST_FILE = YES;
				INFOPLIST_KEY_UIApplicationSceneManifest_Generation = YES;
				INFOPLIST_KEY_UIApplicationSupportsIndirectInputEvents = YES;
				INFOPLIST_KEY_UILaunchScreen_Generation = YES;
				INFOPLIST_KEY_UISupportedInterfaceOrientations_iPad = "UIInterfaceOrientationPortrait UIInterfaceOrientationPortraitUpsideDown UIInterfaceOrientationLandscapeLeft UIInterfaceOrientationLandscapeRight";
				INFOPLIST_KEY_UISupportedInterfaceOrientations_iPhone = "UIInterfaceOrientationPortrait UIInterfaceOrientationLandscapeLeft UIInterfaceOrientationLandscapeRight";
				LD_RUNPATH_SEARCH_PATHS = (
					"$(inherited)",
					"@executable_path/Frameworks",
				);
				MARKETING_VERSION = 1.0;
				PRODUCT_BUNDLE_IDENTIFIER = com.Shoug.MicroProjectApple;
				PRODUCT_NAME = "$(TARGET_NAME)";
				SWIFT_EMIT_LOC_STRINGS = YES;
				SWIFT_VERSION = 5.0;
				TARGETED_DEVICE_FAMILY = "1,2";
			};
			name = Debug;
		};
		A081B7B22BD7A26800A11C9F /* Release */ = {
			isa = XCBuildConfiguration;
			buildSettings = {
				ASSETCATALOG_COMPILER_APPICON_NAME = AppIcon;
				ASSETCATALOG_COMPILER_GLOBAL_ACCENT_COLOR_NAME = AccentColor;
				CODE_SIGN_ENTITLEMENTS = MicroProjectApple/MicroProjectApple.entitlements;
				CODE_SIGN_STYLE = Automatic;
				CURRENT_PROJECT_VERSION = 1;
				DEVELOPMENT_ASSET_PATHS = "\"MicroProjectApple/Preview Content\"";
				DEVELOPMENT_TEAM = ZT62K5W2B9;
				ENABLE_PREVIEWS = YES;
				GENERATE_INFOPLIST_FILE = YES;
				INFOPLIST_KEY_UIApplicationSceneManifest_Generation = YES;
				INFOPLIST_KEY_UIApplicationSupportsIndirectInputEvents = YES;
				INFOPLIST_KEY_UILaunchScreen_Generation = YES;
				INFOPLIST_KEY_UISupportedInterfaceOrientations_iPad = "UIInterfaceOrientationPortrait UIInterfaceOrientationPortraitUpsideDown UIInterfaceOrientationLandscapeLeft UIInterfaceOrientationLandscapeRight";
				INFOPLIST_KEY_UISupportedInterfaceOrientations_iPhone = "UIInterfaceOrientationPortrait UIInterfaceOrientationLandscapeLeft UIInterfaceOrientationLandscapeRight";
				LD_RUNPATH_SEARCH_PATHS = (
					"$(inherited)",
					"@executable_path/Frameworks",
				);
				MARKETING_VERSION = 1.0;
				PRODUCT_BUNDLE_IDENTIFIER = com.Shoug.MicroProjectApple;
				PRODUCT_NAME = "$(TARGET_NAME)";
				SWIFT_EMIT_LOC_STRINGS = YES;
				SWIFT_VERSION = 5.0;
				TARGETED_DEVICE_FAMILY = "1,2";
			};
			name = Release;
		};
/* End XCBuildConfiguration section */

/* Begin XCConfigurationList section */
		A081B79D2BD7A26800A11C9F /* Build configuration list for PBXProject "MicroProjectApple" */ = {
			isa = XCConfigurationList;
			buildConfigurations = (
				A081B7AE2BD7A26800A11C9F /* Debug */,
				A081B7AF2BD7A26800A11C9F /* Release */,
			);
			defaultConfigurationIsVisible = 0;
			defaultConfigurationName = Release;
		};
		A081B7B02BD7A26800A11C9F /* Build configuration list for PBXNativeTarget "MicroProjectApple" */ = {
			isa = XCConfigurationList;
			buildConfigurations = (
				A081B7B12BD7A26800A11C9F /* Debug */,
				A081B7B22BD7A26800A11C9F /* Release */,
			);
			defaultConfigurationIsVisible = 0;
			defaultConfigurationName = Release;
		};
/* End XCConfigurationList section */
	};
	rootObject = A081B79A2BD7A26800A11C9F /* Project object */;
}
